
Microsoft Visual Studio Solution File, Format Version 12.00
# Visual Studio 15
VisualStudioVersion = 15.0.28307.421
MinimumVisualStudioVersion = 10.0.40219.1
Project("{9A19103F-16F7-4668-BE54-9A1E7A4F7556}") = "KylerAndBrandonCMS2", "KylerAndBrandonCMS2\KylerAndBrandonCMS2.csproj", "{F5EBFC29-E757-4E88-A780-B02B70C49ED2}"
EndProject
Global
	GlobalSection(SolutionConfigurationPlatforms) = preSolution
		Debug|Any CPU = Debug|Any CPU
		Release|Any CPU = Release|Any CPU
	EndGlobalSection
	GlobalSection(ProjectConfigurationPlatforms) = postSolution
		{F5EBFC29-E757-4E88-A780-B02B70C49ED2}.Debug|Any CPU.ActiveCfg = Debug|Any CPU
		{F5EBFC29-E757-4E88-A780-B02B70C49ED2}.Debug|Any CPU.Build.0 = Debug|Any CPU
		{F5EBFC29-E757-4E88-A780-B02B70C49ED2}.Release|Any CPU.ActiveCfg = Release|Any CPU
		{F5EBFC29-E757-4E88-A780-B02B70C49ED2}.Release|Any CPU.Build.0 = Release|Any CPU
	EndGlobalSection
	GlobalSection(SolutionProperties) = preSolution
		HideSolutionNode = FALSE
	EndGlobalSection
	GlobalSection(ExtensibilityGlobals) = postSolution
		SolutionGuid = {79142571-9C73-4658-8BE5-8638331700EA}
	EndGlobalSection
EndGlobal
